
Microsoft Visual Studio Solution File, Format Version 12.00
# Visual Studio Version 16
VisualStudioVersion = 16.0.28822.285
MinimumVisualStudioVersion = 10.0.40219.1
Project("{FAE04EC0-301F-11D3-BF4B-00C04F79EFBC}") = "Client-side-Blazor-debug", "Client-side-Blazor-debug\Client-side-Blazor-debug.csproj", "{0C6F9591-3A43-4A81-8822-ED0E9AFA1204}"
EndProject
Global
	GlobalSection(SolutionConfigurationPlatforms) = preSolution
		Debug|Any CPU = Debug|Any CPU
		Release|Any CPU = Release|Any CPU
	EndGlobalSection
	GlobalSection(ProjectConfigurationPlatforms) = postSolution
		{0C6F9591-3A43-4A81-8822-ED0E9AFA1204}.Debug|Any CPU.ActiveCfg = Debug|Any CPU
		{0C6F9591-3A43-4A81-8822-ED0E9AFA1204}.Debug|Any CPU.Build.0 = Debug|Any CPU
		{0C6F9591-3A43-4A81-8822-ED0E9AFA1204}.Release|Any CPU.ActiveCfg = Release|Any CPU
		{0C6F9591-3A43-4A81-8822-ED0E9AFA1204}.Release|Any CPU.Build.0 = Release|Any CPU
	EndGlobalSection
	GlobalSection(SolutionProperties) = preSolution
		HideSolutionNode = FALSE
	EndGlobalSection
	GlobalSection(ExtensibilityGlobals) = postSolution
		SolutionGuid = {45B4684E-EA80-4568-9755-D975B35DBA86}
	EndGlobalSection
EndGlobal
